// !$*UTF8*$!
{
	archiveVersion = 1;
	classes = {
	};
	objectVersion = 56;
	objects = {

/* Begin PBXBuildFile section */
		B65D53A12D65FEFA004166CC /* CustomSwipeAction.swift in Sources */ = {isa = PBXBuildFile; fileRef = B65D53A02D65FEFA004166CC /* CustomSwipeAction.swift */; };
		B65D53A52D660758004166CC /* PanGesture.swift in Sources */ = {isa = PBXBuildFile; fileRef = B65D53A42D660756004166CC /* PanGesture.swift */; };
		B691358F2C3C26180076DF27 /* Preview Assets.xcassets in Resources */ = {isa = PBXBuildFile; fileRef = B691358E2C3C26180076DF27 /* Preview Assets.xcassets */; };
		B69135DC2C3C27C80076DF27 /* birthdays.json in Resources */ = {isa = PBXBuildFile; fileRef = B69135D62C3C27C80076DF27 /* birthdays.json */; };
		B69135E12C3C28270076DF27 /* Assets.xcassets in Resources */ = {isa = PBXBuildFile; fileRef = B69135E02C3C28270076DF27 /* Assets.xcassets */; };
		B69135E42C3D61570076DF27 /* ZhDate in Frameworks */ = {isa = PBXBuildFile; productRef = B69135E32C3D61570076DF27 /* ZhDate */; };
		B6C7D2BA2E8B6ABC008F68A9 /* BirthdayZ.icon in Resources */ = {isa = PBXBuildFile; fileRef = B6C7D2B92E8B6ABC008F68A9 /* BirthdayZ.icon */; };
		B6D5C8D22F5BCB7F0027FAEB /* GiftPieChartView.swift in Sources */ = {isa = PBXBuildFile; fileRef = B6D5C8D02F5BCB7F0027FAEB /* GiftPieChartView.swift */; };
		B6D5C8D52F5BCDD60027FAEB /* Color+Platform.swift in Sources */ = {isa = PBXBuildFile; fileRef = B6D5C8D32F5BCDD60027FAEB /* Color+Platform.swift */; };
		B6D5C8DA2F5BD1650027FAEB /* BirthdayCalendar.swift in Sources */ = {isa = PBXBuildFile; fileRef = B6D5C8D62F5BD1650027FAEB /* BirthdayCalendar.swift */; };
		B6D5C8DB2F5BD1650027FAEB /* ColorComponents.swift in Sources */ = {isa = PBXBuildFile; fileRef = B6D5C8D72F5BD1650027FAEB /* ColorComponents.swift */; };
		B6D5C8DC2F5BD1650027FAEB /* Gender.swift in Sources */ = {isa = PBXBuildFile; fileRef = B6D5C8D82F5BD1650027FAEB /* Gender.swift */; };
		B6D5C8E22F5BD4220027FAEB /* FriendCardView.swift in Sources */ = {isa = PBXBuildFile; fileRef = B6D5C8E02F5BD4220027FAEB /* FriendCardView.swift */; };
		B6D5C8E32F5BD4220027FAEB /* LeapMonthIconView.swift in Sources */ = {isa = PBXBuildFile; fileRef = B6D5C8E12F5BD4220027FAEB /* LeapMonthIconView.swift */; };
		B6D5C8F82F5BDF4F0027FAEB /* PersonalButtonStyle.swift in Sources */ = {isa = PBXBuildFile; fileRef = B6D5C8F52F5BDF4F0027FAEB /* PersonalButtonStyle.swift */; };
		B6D5C8F92F5BDF4F0027FAEB /* ZodiacHelper.swift in Sources */ = {isa = PBXBuildFile; fileRef = B6D5C8EB2F5BDF4F0027FAEB /* ZodiacHelper.swift */; };
		B6D5C8FA2F5BDF4F0027FAEB /* BirthdayCalendar.swift in Sources */ = {isa = PBXBuildFile; fileRef = B6D5C8ED2F5BDF4F0027FAEB /* BirthdayCalendar.swift */; };
		B6D5C8FB2F5BDF4F0027FAEB /* BirthdayModel+DataGeneration.swift in Sources */ = {isa = PBXBuildFile; fileRef = B6D5C8E82F5BDF4F0027FAEB /* BirthdayModel+DataGeneration.swift */; };
		B6D5C8FC2F5BDF4F0027FAEB /* Person.swift in Sources */ = {isa = PBXBuildFile; fileRef = B6D5C8F12F5BDF4F0027FAEB /* Person.swift */; };
		B6D5C8FD2F5BDF4F0027FAEB /* ContentView.swift in Sources */ = {isa = PBXBuildFile; fileRef = B6D5C8E62F5BDF4F0027FAEB /* ContentView.swift */; };
		B6D5C8FE2F5BDF4F0027FAEB /* Constant.swift in Sources */ = {isa = PBXBuildFile; fileRef = B6D5C8E52F5BDF4F0027FAEB /* Constant.swift */; };
		B6D5C8FF2F5BDF4F0027FAEB /* Gender.swift in Sources */ = {isa = PBXBuildFile; fileRef = B6D5C8EF2F5BDF4F0027FAEB /* Gender.swift */; };
		B6D5C9002F5BDF4F0027FAEB /* PersonalCardModifier.swift in Sources */ = {isa = PBXBuildFile; fileRef = B6D5C8F62F5BDF4F0027FAEB /* PersonalCardModifier.swift */; };
		B6D5C9012F5BDF4F0027FAEB /* GiftModel.swift in Sources */ = {isa = PBXBuildFile; fileRef = B6D5C8F02F5BDF4F0027FAEB /* GiftModel.swift */; };
		B6D5C9022F5BDF4F0027FAEB /* Mockjson.swift in Sources */ = {isa = PBXBuildFile; fileRef = B6D5C8EA2F5BDF4F0027FAEB /* Mockjson.swift */; };
		B6D5C9032F5BDF4F0027FAEB /* BirthdayModelHandler.swift in Sources */ = {isa = PBXBuildFile; fileRef = B6D5C8F32F5BDF4F0027FAEB /* BirthdayModelHandler.swift */; };
		B6D5C9042F5BDF4F0027FAEB /* BirthdaZApp.swift in Sources */ = {isa = PBXBuildFile; fileRef = B6D5C8E42F5BDF4F0027FAEB /* BirthdaZApp.swift */; };
		B6D5C9052F5BDF4F0027FAEB /* ColorComponents.swift in Sources */ = {isa = PBXBuildFile; fileRef = B6D5C8EE2F5BDF4F0027FAEB /* ColorComponents.swift */; };
		B6D5C90B2F5BDF610027FAEB /* Date+Helpers.swift in Sources */ = {isa = PBXBuildFile; fileRef = B6D5C9082F5BDF610027FAEB /* Date+Helpers.swift */; };
		B6D5C90C2F5BDF610027FAEB /* Color+BirthdayModel.swift in Sources */ = {isa = PBXBuildFile; fileRef = B6D5C9072F5BDF610027FAEB /* Color+BirthdayModel.swift */; };
		B6D5C90D2F5BDF610027FAEB /* Calendar+Helpers.swift in Sources */ = {isa = PBXBuildFile; fileRef = B6D5C9062F5BDF610027FAEB /* Calendar+Helpers.swift */; };
		B6D5C90E2F5BDF610027FAEB /* NongDate+Helpers.swift in Sources */ = {isa = PBXBuildFile; fileRef = B6D5C9092F5BDF610027FAEB /* NongDate+Helpers.swift */; };
		B6D5C90F2F5BDF610027FAEB /* UserDefaults+BirthdayModel.swift in Sources */ = {isa = PBXBuildFile; fileRef = B6D5C90A2F5BDF610027FAEB /* UserDefaults+BirthdayModel.swift */; };
		B6D5C9242F5BDF790027FAEB /* BaseInfoView.swift in Sources */ = {isa = PBXBuildFile; fileRef = B6D5C9162F5BDF790027FAEB /* BaseInfoView.swift */; };
		B6D5C9252F5BDF790027FAEB /* MyBirthdayView.swift in Sources */ = {isa = PBXBuildFile; fileRef = B6D5C9112F5BDF790027FAEB /* MyBirthdayView.swift */; };
		B6D5C9262F5BDF790027FAEB /* BirthdayCountView.swift in Sources */ = {isa = PBXBuildFile; fileRef = B6D5C9172F5BDF790027FAEB /* BirthdayCountView.swift */; };
		B6D5C9272F5BDF790027FAEB /* PersonalView.swift in Sources */ = {isa = PBXBuildFile; fileRef = B6D5C9142F5BDF790027FAEB /* PersonalView.swift */; };
		B6D5C9282F5BDF790027FAEB /* WishListView.swift in Sources */ = {isa = PBXBuildFile; fileRef = B6D5C91B2F5BDF790027FAEB /* WishListView.swift */; };
		B6D5C9292F5BDF790027FAEB /* SettingsView.swift in Sources */ = {isa = PBXBuildFile; fileRef = B6D5C9212F5BDF790027FAEB /* SettingsView.swift */; };
		B6D5C92A2F5BDF790027FAEB /* PersonalPage.swift in Sources */ = {isa = PBXBuildFile; fileRef = B6D5C9132F5BDF790027FAEB /* PersonalPage.swift */; };
		B6D5C92B2F5BDF790027FAEB /* GiftSentView.swift in Sources */ = {isa = PBXBuildFile; fileRef = B6D5C9192F5BDF790027FAEB /* GiftSentView.swift */; };
		B6D5C92C2F5BDF790027FAEB /* BirthdayMomentView.swift in Sources */ = {isa = PBXBuildFile; fileRef = B6D5C9182F5BDF790027FAEB /* BirthdayMomentView.swift */; };
		B6D5C92D2F5BDF790027FAEB /* EditPersonalView.swift in Sources */ = {isa = PBXBuildFile; fileRef = B6D5C9102F5BDF790027FAEB /* EditPersonalView.swift */; };
		B6D5C92E2F5BDF790027FAEB /* MainTabView.swift in Sources */ = {isa = PBXBuildFile; fileRef = B6D5C91F2F5BDF790027FAEB /* MainTabView.swift */; };
		B6D5C92F2F5BDF790027FAEB /* PeopleListView.swift in Sources */ = {isa = PBXBuildFile; fileRef = B6D5C9122F5BDF790027FAEB /* PeopleListView.swift */; };
		B6D5C9302F5BDF790027FAEB /* MainNavView.swift in Sources */ = {isa = PBXBuildFile; fileRef = B6D5C91E2F5BDF790027FAEB /* MainNavView.swift */; };
		B6D5C9312F5BDF790027FAEB /* SingleGiftCard.swift in Sources */ = {isa = PBXBuildFile; fileRef = B6D5C91A2F5BDF790027FAEB /* SingleGiftCard.swift */; };
		B6D5C9332F5BE0740027FAEB /* AnimatedRingView.swift in Sources */ = {isa = PBXBuildFile; fileRef = B6D5C9322F5BE0740027FAEB /* AnimatedRingView.swift */; };
/* End PBXBuildFile section */

/* Begin PBXFileReference section */
		B65D53A02D65FEFA004166CC /* CustomSwipeAction.swift */ = {isa = PBXFileReference; lastKnownFileType = sourcecode.swift; path = CustomSwipeAction.swift; sourceTree = "<group>"; };
		B65D53A42D660756004166CC /* PanGesture.swift */ = {isa = PBXFileReference; lastKnownFileType = sourcecode.swift; path = PanGesture.swift; sourceTree = "<group>"; };
		B69135812C3C26170076DF27 /* BirthdaZ.app */ = {isa = PBXFileReference; explicitFileType = wrapper.application; includeInIndex = 0; path = BirthdaZ.app; sourceTree = BUILT_PRODUCTS_DIR; };
		B691358C2C3C26180076DF27 /* BirthdaZ.entitlements */ = {isa = PBXFileReference; lastKnownFileType = text.plist.entitlements; path = BirthdaZ.entitlements; sourceTree = "<group>"; };
		B691358E2C3C26180076DF27 /* Preview Assets.xcassets */ = {isa = PBXFileReference; lastKnownFileType = folder.assetcatalog; path = "Preview Assets.xcassets"; sourceTree = "<group>"; };
		B69135D62C3C27C80076DF27 /* birthdays.json */ = {isa = PBXFileReference; fileEncoding = 4; lastKnownFileType = text.json; path = birthdays.json; sourceTree = "<group>"; };
		B69135E02C3C28270076DF27 /* Assets.xcassets */ = {isa = PBXFileReference; lastKnownFileType = folder.assetcatalog; path = Assets.xcassets; sourceTree = "<group>"; };
		B6C7D2B92E8B6ABC008F68A9 /* BirthdayZ.icon */ = {isa = PBXFileReference; lastKnownFileType = folder.iconcomposer.icon; path = BirthdayZ.icon; sourceTree = "<group>"; };
		B6D5C8D02F5BCB7F0027FAEB /* GiftPieChartView.swift */ = {isa = PBXFileReference; lastKnownFileType = sourcecode.swift; path = GiftPieChartView.swift; sourceTree = "<group>"; };
		B6D5C8D32F5BCDD60027FAEB /* Color+Platform.swift */ = {isa = PBXFileReference; lastKnownFileType = sourcecode.swift; path = "Color+Platform.swift"; sourceTree = "<group>"; };
		B6D5C8D62F5BD1650027FAEB /* BirthdayCalendar.swift */ = {isa = PBXFileReference; lastKnownFileType = sourcecode.swift; path = BirthdayCalendar.swift; sourceTree = "<group>"; };
		B6D5C8D72F5BD1650027FAEB /* ColorComponents.swift */ = {isa = PBXFileReference; lastKnownFileType = sourcecode.swift; path = ColorComponents.swift; sourceTree = "<group>"; };
		B6D5C8D82F5BD1650027FAEB /* Gender.swift */ = {isa = PBXFileReference; lastKnownFileType = sourcecode.swift; path = Gender.swift; sourceTree = "<group>"; };
		B6D5C8E02F5BD4220027FAEB /* FriendCardView.swift */ = {isa = PBXFileReference; lastKnownFileType = sourcecode.swift; path = FriendCardView.swift; sourceTree = "<group>"; };
		B6D5C8E12F5BD4220027FAEB /* LeapMonthIconView.swift */ = {isa = PBXFileReference; lastKnownFileType = sourcecode.swift; path = LeapMonthIconView.swift; sourceTree = "<group>"; };
		B6D5C8E42F5BDF4F0027FAEB /* BirthdaZApp.swift */ = {isa = PBXFileReference; lastKnownFileType = sourcecode.swift; path = BirthdaZApp.swift; sourceTree = "<group>"; };
		B6D5C8E52F5BDF4F0027FAEB /* Constant.swift */ = {isa = PBXFileReference; lastKnownFileType = sourcecode.swift; path = Constant.swift; sourceTree = "<group>"; };
		B6D5C8E62F5BDF4F0027FAEB /* ContentView.swift */ = {isa = PBXFileReference; lastKnownFileType = sourcecode.swift; path = ContentView.swift; sourceTree = "<group>"; };
		B6D5C8E82F5BDF4F0027FAEB /* BirthdayModel+DataGeneration.swift */ = {isa = PBXFileReference; lastKnownFileType = sourcecode.swift; path = "BirthdayModel+DataGeneration.swift"; sourceTree = "<group>"; };
		B6D5C8EA2F5BDF4F0027FAEB /* Mockjson.swift */ = {isa = PBXFileReference; lastKnownFileType = sourcecode.swift; path = Mockjson.swift; sourceTree = "<group>"; };
		B6D5C8EB2F5BDF4F0027FAEB /* ZodiacHelper.swift */ = {isa = PBXFileReference; lastKnownFileType = sourcecode.swift; path = ZodiacHelper.swift; sourceTree = "<group>"; };
		B6D5C8ED2F5BDF4F0027FAEB /* BirthdayCalendar.swift */ = {isa = PBXFileReference; lastKnownFileType = sourcecode.swift; path = BirthdayCalendar.swift; sourceTree = "<group>"; };
		B6D5C8EE2F5BDF4F0027FAEB /* ColorComponents.swift */ = {isa = PBXFileReference; lastKnownFileType = sourcecode.swift; path = ColorComponents.swift; sourceTree = "<group>"; };
		B6D5C8EF2F5BDF4F0027FAEB /* Gender.swift */ = {isa = PBXFileReference; lastKnownFileType = sourcecode.swift; path = Gender.swift; sourceTree = "<group>"; };
		B6D5C8F02F5BDF4F0027FAEB /* GiftModel.swift */ = {isa = PBXFileReference; lastKnownFileType = sourcecode.swift; path = GiftModel.swift; sourceTree = "<group>"; };
		B6D5C8F12F5BDF4F0027FAEB /* Person.swift */ = {isa = PBXFileReference; lastKnownFileType = sourcecode.swift; path = Person.swift; sourceTree = "<group>"; };
		B6D5C8F32F5BDF4F0027FAEB /* BirthdayModelHandler.swift */ = {isa = PBXFileReference; lastKnownFileType = sourcecode.swift; path = BirthdayModelHandler.swift; sourceTree = "<group>"; };
		B6D5C8F52F5BDF4F0027FAEB /* PersonalButtonStyle.swift */ = {isa = PBXFileReference; lastKnownFileType = sourcecode.swift; path = PersonalButtonStyle.swift; sourceTree = "<group>"; };
		B6D5C8F62F5BDF4F0027FAEB /* PersonalCardModifier.swift */ = {isa = PBXFileReference; lastKnownFileType = sourcecode.swift; path = PersonalCardModifier.swift; sourceTree = "<group>"; };
		B6D5C9062F5BDF610027FAEB /* Calendar+Helpers.swift */ = {isa = PBXFileReference; lastKnownFileType = sourcecode.swift; path = "Calendar+Helpers.swift"; sourceTree = "<group>"; };
		B6D5C9072F5BDF610027FAEB /* Color+BirthdayModel.swift */ = {isa = PBXFileReference; lastKnownFileType = sourcecode.swift; path = "Color+BirthdayModel.swift"; sourceTree = "<group>"; };
		B6D5C9082F5BDF610027FAEB /* Date+Helpers.swift */ = {isa = PBXFileReference; lastKnownFileType = sourcecode.swift; path = "Date+Helpers.swift"; sourceTree = "<group>"; };
		B6D5C9092F5BDF610027FAEB /* NongDate+Helpers.swift */ = {isa = PBXFileReference; lastKnownFileType = sourcecode.swift; path = "NongDate+Helpers.swift"; sourceTree = "<group>"; };
		B6D5C90A2F5BDF610027FAEB /* UserDefaults+BirthdayModel.swift */ = {isa = PBXFileReference; lastKnownFileType = sourcecode.swift; path = "UserDefaults+BirthdayModel.swift"; sourceTree = "<group>"; };
		B6D5C9102F5BDF790027FAEB /* EditPersonalView.swift */ = {isa = PBXFileReference; lastKnownFileType = sourcecode.swift; path = EditPersonalView.swift; sourceTree = "<group>"; };
		B6D5C9112F5BDF790027FAEB /* MyBirthdayView.swift */ = {isa = PBXFileReference; lastKnownFileType = sourcecode.swift; path = MyBirthdayView.swift; sourceTree = "<group>"; };
		B6D5C9122F5BDF790027FAEB /* PeopleListView.swift */ = {isa = PBXFileReference; lastKnownFileType = sourcecode.swift; path = PeopleListView.swift; sourceTree = "<group>"; };
		B6D5C9132F5BDF790027FAEB /* PersonalPage.swift */ = {isa = PBXFileReference; lastKnownFileType = sourcecode.swift; path = PersonalPage.swift; sourceTree = "<group>"; };
		B6D5C9142F5BDF790027FAEB /* PersonalView.swift */ = {isa = PBXFileReference; lastKnownFileType = sourcecode.swift; path = PersonalView.swift; sourceTree = "<group>"; };
		B6D5C9162F5BDF790027FAEB /* BaseInfoView.swift */ = {isa = PBXFileReference; lastKnownFileType = sourcecode.swift; path = BaseInfoView.swift; sourceTree = "<group>"; };
		B6D5C9172F5BDF790027FAEB /* BirthdayCountView.swift */ = {isa = PBXFileReference; lastKnownFileType = sourcecode.swift; path = BirthdayCountView.swift; sourceTree = "<group>"; };
		B6D5C9182F5BDF790027FAEB /* BirthdayMomentView.swift */ = {isa = PBXFileReference; lastKnownFileType = sourcecode.swift; path = BirthdayMomentView.swift; sourceTree = "<group>"; };
		B6D5C9192F5BDF790027FAEB /* GiftSentView.swift */ = {isa = PBXFileReference; lastKnownFileType = sourcecode.swift; path = GiftSentView.swift; sourceTree = "<group>"; };
		B6D5C91A2F5BDF790027FAEB /* SingleGiftCard.swift */ = {isa = PBXFileReference; lastKnownFileType = sourcecode.swift; path = SingleGiftCard.swift; sourceTree = "<group>"; };
		B6D5C91B2F5BDF790027FAEB /* WishListView.swift */ = {isa = PBXFileReference; lastKnownFileType = sourcecode.swift; path = WishListView.swift; sourceTree = "<group>"; };
		B6D5C91E2F5BDF790027FAEB /* MainNavView.swift */ = {isa = PBXFileReference; lastKnownFileType = sourcecode.swift; path = MainNavView.swift; sourceTree = "<group>"; };
		B6D5C91F2F5BDF790027FAEB /* MainTabView.swift */ = {isa = PBXFileReference; lastKnownFileType = sourcecode.swift; path = MainTabView.swift; sourceTree = "<group>"; };
		B6D5C9212F5BDF790027FAEB /* SettingsView.swift */ = {isa = PBXFileReference; lastKnownFileType = sourcecode.swift; path = SettingsView.swift; sourceTree = "<group>"; };
		B6D5C9322F5BE0740027FAEB /* AnimatedRingView.swift */ = {isa = PBXFileReference; lastKnownFileType = sourcecode.swift; path = AnimatedRingView.swift; sourceTree = "<group>"; };
/* End PBXFileReference section */

/* Begin PBXFrameworksBuildPhase section */
		B691357E2C3C26170076DF27 /* Frameworks */ = {
			isa = PBXFrameworksBuildPhase;
			buildActionMask = 2147483647;
			files = (
				B69135E42C3D61570076DF27 /* ZhDate in Frameworks */,
			);
			runOnlyForDeploymentPostprocessing = 0;
		};
/* End PBXFrameworksBuildPhase section */

/* Begin PBXGroup section */
		B65D539E2D65FED9004166CC /* SwipeAction */ = {
			isa = PBXGroup;
			children = (
				B65D539F2D65FEE9004166CC /* Helpers */,
			);
			path = SwipeAction;
			sourceTree = "<group>";
		};
		B65D539F2D65FEE9004166CC /* Helpers */ = {
			isa = PBXGroup;
			children = (
				B65D53A42D660756004166CC /* PanGesture.swift */,
				B65D53A02D65FEFA004166CC /* CustomSwipeAction.swift */,
			);
			path = Helpers;
			sourceTree = "<group>";
		};
		B69135782C3C26170076DF27 = {
			isa = PBXGroup;
			children = (
				B69135832C3C26170076DF27 /* BirthdaZ */,
				B69135822C3C26170076DF27 /* Products */,
			);
			sourceTree = "<group>";
		};
		B69135822C3C26170076DF27 /* Products */ = {
			isa = PBXGroup;
			children = (
				B69135812C3C26170076DF27 /* BirthdaZ.app */,
			);
			name = Products;
			sourceTree = "<group>";
		};
		B69135832C3C26170076DF27 /* BirthdaZ */ = {
			isa = PBXGroup;
			children = (
				B6D5C9232F5BDF790027FAEB /* Views */,
				B6D5C8E72F5BDF4F0027FAEB /* App */,
				B6D5C8E92F5BDF4F0027FAEB /* DataGeneration */,
				B6D5C8EC2F5BDF4F0027FAEB /* Helpers */,
				B6D5C8F22F5BDF4F0027FAEB /* Models */,
				B6D5C8F42F5BDF4F0027FAEB /* Services */,
				B6D5C8F72F5BDF4F0027FAEB /* ViewModifiers */,
				B6D5C8D92F5BD1650027FAEB /* Models */,
				B6D5C8D42F5BCDD60027FAEB /* Extensions */,
				B6D5C8D12F5BCB7F0027FAEB /* ViewComponents */,
				B65D539E2D65FED9004166CC /* SwipeAction */,
				B69135D62C3C27C80076DF27 /* birthdays.json */,
				B691358C2C3C26180076DF27 /* BirthdaZ.entitlements */,
				B69135E02C3C28270076DF27 /* Assets.xcassets */,
				B6C7D2B92E8B6ABC008F68A9 /* BirthdayZ.icon */,
				B691358D2C3C26180076DF27 /* Preview Content */,
			);
			path = BirthdaZ;
			sourceTree = "<group>";
		};
		B691358D2C3C26180076DF27 /* Preview Content */ = {
			isa = PBXGroup;
			children = (
				B691358E2C3C26180076DF27 /* Preview Assets.xcassets */,
			);
			path = "Preview Content";
			sourceTree = "<group>";
		};
		B6D5C8D12F5BCB7F0027FAEB /* ViewComponents */ = {
			isa = PBXGroup;
			children = (
				B6D5C9322F5BE0740027FAEB /* AnimatedRingView.swift */,
				B6D5C8E02F5BD4220027FAEB /* FriendCardView.swift */,
				B6D5C8E12F5BD4220027FAEB /* LeapMonthIconView.swift */,
				B6D5C8D02F5BCB7F0027FAEB /* GiftPieChartView.swift */,
			);
			path = ViewComponents;
			sourceTree = "<group>";
		};
		B6D5C8D42F5BCDD60027FAEB /* Extensions */ = {
			isa = PBXGroup;
			children = (
				B6D5C9062F5BDF610027FAEB /* Calendar+Helpers.swift */,
				B6D5C9072F5BDF610027FAEB /* Color+BirthdayModel.swift */,
				B6D5C9082F5BDF610027FAEB /* Date+Helpers.swift */,
				B6D5C9092F5BDF610027FAEB /* NongDate+Helpers.swift */,
				B6D5C90A2F5BDF610027FAEB /* UserDefaults+BirthdayModel.swift */,
				B6D5C8D32F5BCDD60027FAEB /* Color+Platform.swift */,
			);
			path = Extensions;
			sourceTree = "<group>";
		};
		B6D5C8D92F5BD1650027FAEB /* Models */ = {
			isa = PBXGroup;
			children = (
				B6D5C8D62F5BD1650027FAEB /* BirthdayCalendar.swift */,
				B6D5C8D72F5BD1650027FAEB /* ColorComponents.swift */,
				B6D5C8D82F5BD1650027FAEB /* Gender.swift */,
			);
			path = Models;
			sourceTree = "<group>";
		};
		B6D5C8E72F5BDF4F0027FAEB /* App */ = {
			isa = PBXGroup;
			children = (
				B6D5C8E42F5BDF4F0027FAEB /* BirthdaZApp.swift */,
				B6D5C8E52F5BDF4F0027FAEB /* Constant.swift */,
				B6D5C8E62F5BDF4F0027FAEB /* ContentView.swift */,
			);
			path = App;
			sourceTree = "<group>";
		};
		B6D5C8E92F5BDF4F0027FAEB /* DataGeneration */ = {
			isa = PBXGroup;
			children = (
				B6D5C8E82F5BDF4F0027FAEB /* BirthdayModel+DataGeneration.swift */,
			);
			path = DataGeneration;
			sourceTree = "<group>";
		};
		B6D5C8EC2F5BDF4F0027FAEB /* Helpers */ = {
			isa = PBXGroup;
			children = (
				B6D5C8EA2F5BDF4F0027FAEB /* Mockjson.swift */,
				B6D5C8EB2F5BDF4F0027FAEB /* ZodiacHelper.swift */,
			);
			path = Helpers;
			sourceTree = "<group>";
		};
		B6D5C8F22F5BDF4F0027FAEB /* Models */ = {
			isa = PBXGroup;
			children = (
				B6D5C8ED2F5BDF4F0027FAEB /* BirthdayCalendar.swift */,
				B6D5C8EE2F5BDF4F0027FAEB /* ColorComponents.swift */,
				B6D5C8EF2F5BDF4F0027FAEB /* Gender.swift */,
				B6D5C8F02F5BDF4F0027FAEB /* GiftModel.swift */,
				B6D5C8F12F5BDF4F0027FAEB /* Person.swift */,
			);
			path = Models;
			sourceTree = "<group>";
		};
		B6D5C8F42F5BDF4F0027FAEB /* Services */ = {
			isa = PBXGroup;
			children = (
				B6D5C8F32F5BDF4F0027FAEB /* BirthdayModelHandler.swift */,
			);
			path = Services;
			sourceTree = "<group>";
		};
		B6D5C8F72F5BDF4F0027FAEB /* ViewModifiers */ = {
			isa = PBXGroup;
			children = (
				B6D5C8F52F5BDF4F0027FAEB /* PersonalButtonStyle.swift */,
				B6D5C8F62F5BDF4F0027FAEB /* PersonalCardModifier.swift */,
			);
			path = ViewModifiers;
			sourceTree = "<group>";
		};
		B6D5C9152F5BDF790027FAEB /* Birthday */ = {
			isa = PBXGroup;
			children = (
				B6D5C9102F5BDF790027FAEB /* EditPersonalView.swift */,
				B6D5C9112F5BDF790027FAEB /* MyBirthdayView.swift */,
				B6D5C9122F5BDF790027FAEB /* PeopleListView.swift */,
				B6D5C9132F5BDF790027FAEB /* PersonalPage.swift */,
				B6D5C9142F5BDF790027FAEB /* PersonalView.swift */,
			);
			path = Birthday;
			sourceTree = "<group>";
		};
		B6D5C91C2F5BDF790027FAEB /* Personal */ = {
			isa = PBXGroup;
			children = (
				B6D5C9162F5BDF790027FAEB /* BaseInfoView.swift */,
				B6D5C9172F5BDF790027FAEB /* BirthdayCountView.swift */,
				B6D5C9182F5BDF790027FAEB /* BirthdayMomentView.swift */,
				B6D5C9192F5BDF790027FAEB /* GiftSentView.swift */,
				B6D5C91A2F5BDF790027FAEB /* SingleGiftCard.swift */,
				B6D5C91B2F5BDF790027FAEB /* WishListView.swift */,
			);
			path = Personal;
			sourceTree = "<group>";
		};
		B6D5C91D2F5BDF790027FAEB /* Components */ = {
			isa = PBXGroup;
			children = (
				B6D5C91C2F5BDF790027FAEB /* Personal */,
			);
			path = Components;
			sourceTree = "<group>";
		};
		B6D5C9202F5BDF790027FAEB /* Main */ = {
			isa = PBXGroup;
			children = (
				B6D5C91E2F5BDF790027FAEB /* MainNavView.swift */,
				B6D5C91F2F5BDF790027FAEB /* MainTabView.swift */,
			);
			path = Main;
			sourceTree = "<group>";
		};
		B6D5C9222F5BDF790027FAEB /* Settings */ = {
			isa = PBXGroup;
			children = (
				B6D5C9212F5BDF790027FAEB /* SettingsView.swift */,
			);
			path = Settings;
			sourceTree = "<group>";
		};
		B6D5C9232F5BDF790027FAEB /* Views */ = {
			isa = PBXGroup;
			children = (
				B6D5C9152F5BDF790027FAEB /* Birthday */,
				B6D5C91D2F5BDF790027FAEB /* Components */,
				B6D5C9202F5BDF790027FAEB /* Main */,
				B6D5C9222F5BDF790027FAEB /* Settings */,
			);
			path = Views;
			sourceTree = "<group>";
		};
/* End PBXGroup section */

/* Begin PBXNativeTarget section */
		B69135802C3C26170076DF27 /* BirthdaZ */ = {
			isa = PBXNativeTarget;
			buildConfigurationList = B69135922C3C26180076DF27 /* Build configuration list for PBXNativeTarget "BirthdaZ" */;
			buildPhases = (
				B691357D2C3C26170076DF27 /* Sources */,
				B691357E2C3C26170076DF27 /* Frameworks */,
				B691357F2C3C26170076DF27 /* Resources */,
			);
			buildRules = (
			);
			dependencies = (
			);
			name = BirthdaZ;
			packageProductDependencies = (
				B69135E32C3D61570076DF27 /* ZhDate */,
			);
			productName = BirthdaZ;
			productReference = B69135812C3C26170076DF27 /* BirthdaZ.app */;
			productType = "com.apple.product-type.application";
		};
/* End PBXNativeTarget section */

/* Begin PBXProject section */
		B69135792C3C26170076DF27 /* Project object */ = {
			isa = PBXProject;
			attributes = {
				BuildIndependentTargetsInParallel = 1;
				LastSwiftUpdateCheck = 1540;
				LastUpgradeCheck = 1600;
				TargetAttributes = {
					B69135802C3C26170076DF27 = {
						CreatedOnToolsVersion = 15.4;
					};
				};
			};
			buildConfigurationList = B691357C2C3C26170076DF27 /* Build configuration list for PBXProject "BirthdaZ" */;
			compatibilityVersion = "Xcode 14.0";
			developmentRegion = en;
			hasScannedForEncodings = 0;
			knownRegions = (
				en,
				Base,
			);
			mainGroup = B69135782C3C26170076DF27;
			packageReferences = (
				B69135E22C3D61570076DF27 /* XCRemoteSwiftPackageReference "ZhDate" */,
			);
			productRefGroup = B69135822C3C26170076DF27 /* Products */;
			projectDirPath = "";
			projectRoot = "";
			targets = (
				B69135802C3C26170076DF27 /* BirthdaZ */,
			);
		};
/* End PBXProject section */

/* Begin PBXResourcesBuildPhase section */
		B691357F2C3C26170076DF27 /* Resources */ = {
			isa = PBXResourcesBuildPhase;
			buildActionMask = 2147483647;
			files = (
				B691358F2C3C26180076DF27 /* Preview Assets.xcassets in Resources */,
				B69135E12C3C28270076DF27 /* Assets.xcassets in Resources */,
				B6C7D2BA2E8B6ABC008F68A9 /* BirthdayZ.icon in Resources */,
				B69135DC2C3C27C80076DF27 /* birthdays.json in Resources */,
			);
			runOnlyForDeploymentPostprocessing = 0;
		};
/* End PBXResourcesBuildPhase section */

/* Begin PBXSourcesBuildPhase section */
		B691357D2C3C26170076DF27 /* Sources */ = {
			isa = PBXSourcesBuildPhase;
			buildActionMask = 2147483647;
			files = (
				B6D5C8E22F5BD4220027FAEB /* FriendCardView.swift in Sources */,
				B6D5C8E32F5BD4220027FAEB /* LeapMonthIconView.swift in Sources */,
				B6D5C8D22F5BCB7F0027FAEB /* GiftPieChartView.swift in Sources */,
				B6D5C9332F5BE0740027FAEB /* AnimatedRingView.swift in Sources */,
				B6D5C8D52F5BCDD60027FAEB /* Color+Platform.swift in Sources */,
				B6D5C8F82F5BDF4F0027FAEB /* PersonalButtonStyle.swift in Sources */,
				B6D5C8F92F5BDF4F0027FAEB /* ZodiacHelper.swift in Sources */,
				B6D5C8FA2F5BDF4F0027FAEB /* BirthdayCalendar.swift in Sources */,
				B6D5C8FB2F5BDF4F0027FAEB /* BirthdayModel+DataGeneration.swift in Sources */,
				B6D5C8FC2F5BDF4F0027FAEB /* Person.swift in Sources */,
				B6D5C8FD2F5BDF4F0027FAEB /* ContentView.swift in Sources */,
				B6D5C90B2F5BDF610027FAEB /* Date+Helpers.swift in Sources */,
				B6D5C90C2F5BDF610027FAEB /* Color+BirthdayModel.swift in Sources */,
				B6D5C90D2F5BDF610027FAEB /* Calendar+Helpers.swift in Sources */,
				B6D5C90E2F5BDF610027FAEB /* NongDate+Helpers.swift in Sources */,
				B6D5C90F2F5BDF610027FAEB /* UserDefaults+BirthdayModel.swift in Sources */,
				B6D5C8FE2F5BDF4F0027FAEB /* Constant.swift in Sources */,
				B6D5C8FF2F5BDF4F0027FAEB /* Gender.swift in Sources */,
				B6D5C9002F5BDF4F0027FAEB /* PersonalCardModifier.swift in Sources */,
				B6D5C9012F5BDF4F0027FAEB /* GiftModel.swift in Sources */,
				B6D5C9022F5BDF4F0027FAEB /* Mockjson.swift in Sources */,
				B6D5C9032F5BDF4F0027FAEB /* BirthdayModelHandler.swift in Sources */,
				B6D5C9242F5BDF790027FAEB /* BaseInfoView.swift in Sources */,
				B6D5C9252F5BDF790027FAEB /* MyBirthdayView.swift in Sources */,
				B6D5C9262F5BDF790027FAEB /* BirthdayCountView.swift in Sources */,
				B6D5C9272F5BDF790027FAEB /* PersonalView.swift in Sources */,
				B6D5C9282F5BDF790027FAEB /* WishListView.swift in Sources */,
				B6D5C9292F5BDF790027FAEB /* SettingsView.swift in Sources */,
				B6D5C92A2F5BDF790027FAEB /* PersonalPage.swift in Sources */,
				B6D5C92B2F5BDF790027FAEB /* GiftSentView.swift in Sources */,
				B6D5C92C2F5BDF790027FAEB /* BirthdayMomentView.swift in Sources */,
				B6D5C92D2F5BDF790027FAEB /* EditPersonalView.swift in Sources */,
				B6D5C92E2F5BDF790027FAEB /* MainTabView.swift in Sources */,
				B6D5C92F2F5BDF790027FAEB /* PeopleListView.swift in Sources */,
				B6D5C9302F5BDF790027FAEB /* MainNavView.swift in Sources */,
				B6D5C9312F5BDF790027FAEB /* SingleGiftCard.swift in Sources */,
				B6D5C9042F5BDF4F0027FAEB /* BirthdaZApp.swift in Sources */,
				B6D5C9052F5BDF4F0027FAEB /* ColorComponents.swift in Sources */,
				B65D53A52D660758004166CC /* PanGesture.swift in Sources */,
				B6D5C8DA2F5BD1650027FAEB /* BirthdayCalendar.swift in Sources */,
				B6D5C8DB2F5BD1650027FAEB /* ColorComponents.swift in Sources */,
				B6D5C8DC2F5BD1650027FAEB /* Gender.swift in Sources */,
				B65D53A12D65FEFA004166CC /* CustomSwipeAction.swift in Sources */,
			);
			runOnlyForDeploymentPostprocessing = 0;
		};
/* End PBXSourcesBuildPhase section */

/* Begin XCBuildConfiguration section */
		B69135902C3C26180076DF27 /* Debug */ = {
			isa = XCBuildConfiguration;
			buildSettings = {
				ALWAYS_SEARCH_USER_PATHS = NO;
				ASSETCATALOG_COMPILER_GENERATE_SWIFT_ASSET_SYMBOL_EXTENSIONS = YES;
				CLANG_ANALYZER_NONNULL = YES;
				CLANG_ANALYZER_NUMBER_OBJECT_CONVERSION = YES_AGGRESSIVE;
				CLANG_CXX_LANGUAGE_STANDARD = "gnu++20";
				CLANG_ENABLE_MODULES = YES;
				CLANG_ENABLE_OBJC_ARC = YES;
				CLANG_ENABLE_OBJC_WEAK = YES;
				CLANG_WARN_BLOCK_CAPTURE_AUTORELEASING = YES;
				CLANG_WARN_BOOL_CONVERSION = YES;
				CLANG_WARN_COMMA = YES;
				CLANG_WARN_CONSTANT_CONVERSION = YES;
				CLANG_WARN_DEPRECATED_OBJC_IMPLEMENTATIONS = YES;
				CLANG_WARN_DIRECT_OBJC_ISA_USAGE = YES_ERROR;
				CLANG_WARN_DOCUMENTATION_COMMENTS = YES;
				CLANG_WARN_EMPTY_BODY = YES;
				CLANG_WARN_ENUM_CONVERSION = YES;
				CLANG_WARN_INFINITE_RECURSION = YES;
				CLANG_WARN_INT_CONVERSION = YES;
				CLANG_WARN_NON_LITERAL_NULL_CONVERSION = YES;
				CLANG_WARN_OBJC_IMPLICIT_RETAIN_SELF = YES;
				CLANG_WARN_OBJC_LITERAL_CONVERSION = YES;
				CLANG_WARN_OBJC_ROOT_CLASS = YES_ERROR;
				CLANG_WARN_QUOTED_INCLUDE_IN_FRAMEWORK_HEADER = YES;
				CLANG_WARN_RANGE_LOOP_ANALYSIS = YES;
				CLANG_WARN_STRICT_PROTOTYPES = YES;
				CLANG_WARN_SUSPICIOUS_MOVE = YES;
				CLANG_WARN_UNGUARDED_AVAILABILITY = YES_AGGRESSIVE;
				CLANG_WARN_UNREACHABLE_CODE = YES;
				CLANG_WARN__DUPLICATE_METHOD_MATCH = YES;
				COPY_PHASE_STRIP = NO;
				DEAD_CODE_STRIPPING = YES;
				DEBUG_INFORMATION_FORMAT = dwarf;
				ENABLE_STRICT_OBJC_MSGSEND = YES;
				ENABLE_TESTABILITY = YES;
				ENABLE_USER_SCRIPT_SANDBOXING = YES;
				GCC_C_LANGUAGE_STANDARD = gnu17;
				GCC_DYNAMIC_NO_PIC = NO;
				GCC_NO_COMMON_BLOCKS = YES;
				GCC_OPTIMIZATION_LEVEL = 0;
				GCC_PREPROCESSOR_DEFINITIONS = (
					"DEBUG=1",
					"$(inherited)",
				);
				GCC_WARN_64_TO_32_BIT_CONVERSION = YES;
				GCC_WARN_ABOUT_RETURN_TYPE = YES_ERROR;
				GCC_WARN_UNDECLARED_SELECTOR = YES;
				GCC_WARN_UNINITIALIZED_AUTOS = YES_AGGRESSIVE;
				GCC_WARN_UNUSED_FUNCTION = YES;
				GCC_WARN_UNUSED_VARIABLE = YES;
				LOCALIZATION_PREFERS_STRING_CATALOGS = YES;
				MTL_ENABLE_DEBUG_INFO = INCLUDE_SOURCE;
				MTL_FAST_MATH = YES;
				ONLY_ACTIVE_ARCH = YES;
				SWIFT_ACTIVE_COMPILATION_CONDITIONS = "DEBUG $(inherited)";
				SWIFT_OPTIMIZATION_LEVEL = "-Onone";
			};
			name = Debug;
		};
		B69135912C3C26180076DF27 /* Release */ = {
			isa = XCBuildConfiguration;
			buildSettings = {
				ALWAYS_SEARCH_USER_PATHS = NO;
				ASSETCATALOG_COMPILER_GENERATE_SWIFT_ASSET_SYMBOL_EXTENSIONS = YES;
				CLANG_ANALYZER_NONNULL = YES;
				CLANG_ANALYZER_NUMBER_OBJECT_CONVERSION = YES_AGGRESSIVE;
				CLANG_CXX_LANGUAGE_STANDARD = "gnu++20";
				CLANG_ENABLE_MODULES = YES;
				CLANG_ENABLE_OBJC_ARC = YES;
				CLANG_ENABLE_OBJC_WEAK = YES;
				CLANG_WARN_BLOCK_CAPTURE_AUTORELEASING = YES;
				CLANG_WARN_BOOL_CONVERSION = YES;
				CLANG_WARN_COMMA = YES;
				CLANG_WARN_CONSTANT_CONVERSION = YES;
				CLANG_WARN_DEPRECATED_OBJC_IMPLEMENTATIONS = YES;
				CLANG_WARN_DIRECT_OBJC_ISA_USAGE = YES_ERROR;
				CLANG_WARN_DOCUMENTATION_COMMENTS = YES;
				CLANG_WARN_EMPTY_BODY = YES;
				CLANG_WARN_ENUM_CONVERSION = YES;
				CLANG_WARN_INFINITE_RECURSION = YES;
				CLANG_WARN_INT_CONVERSION = YES;
				CLANG_WARN_NON_LITERAL_NULL_CONVERSION = YES;
				CLANG_WARN_OBJC_IMPLICIT_RETAIN_SELF = YES;
				CLANG_WARN_OBJC_LITERAL_CONVERSION = YES;
				CLANG_WARN_OBJC_ROOT_CLASS = YES_ERROR;
				CLANG_WARN_QUOTED_INCLUDE_IN_FRAMEWORK_HEADER = YES;
				CLANG_WARN_RANGE_LOOP_ANALYSIS = YES;
				CLANG_WARN_STRICT_PROTOTYPES = YES;
				CLANG_WARN_SUSPICIOUS_MOVE = YES;
				CLANG_WARN_UNGUARDED_AVAILABILITY = YES_AGGRESSIVE;
				CLANG_WARN_UNREACHABLE_CODE = YES;
				CLANG_WARN__DUPLICATE_METHOD_MATCH = YES;
				COPY_PHASE_STRIP = NO;
				DEAD_CODE_STRIPPING = YES;
				DEBUG_INFORMATION_FORMAT = "dwarf-with-dsym";
				ENABLE_NS_ASSERTIONS = NO;
				ENABLE_STRICT_OBJC_MSGSEND = YES;
				ENABLE_USER_SCRIPT_SANDBOXING = YES;
				GCC_C_LANGUAGE_STANDARD = gnu17;
				GCC_NO_COMMON_BLOCKS = YES;
				GCC_WARN_64_TO_32_BIT_CONVERSION = YES;
				GCC_WARN_ABOUT_RETURN_TYPE = YES_ERROR;
				GCC_WARN_UNDECLARED_SELECTOR = YES;
				GCC_WARN_UNINITIALIZED_AUTOS = YES_AGGRESSIVE;
				GCC_WARN_UNUSED_FUNCTION = YES;
				GCC_WARN_UNUSED_VARIABLE = YES;
				LOCALIZATION_PREFERS_STRING_CATALOGS = YES;
				MTL_ENABLE_DEBUG_INFO = NO;
				MTL_FAST_MATH = YES;
				SWIFT_COMPILATION_MODE = wholemodule;
			};
			name = Release;
		};
		B69135932C3C26180076DF27 /* Debug */ = {
			isa = XCBuildConfiguration;
			buildSettings = {
				ASSETCATALOG_COMPILER_APPICON_NAME = BirthdayZ;
				ASSETCATALOG_COMPILER_GLOBAL_ACCENT_COLOR_NAME = AccentColor;
				CODE_SIGN_ENTITLEMENTS = BirthdaZ/BirthdaZ.entitlements;
				CODE_SIGN_IDENTITY = "Apple Development";
				"CODE_SIGN_IDENTITY[sdk=macosx*]" = "-";
				CODE_SIGN_STYLE = Automatic;
				CURRENT_PROJECT_VERSION = 1;
				DEAD_CODE_STRIPPING = YES;
				DEVELOPMENT_ASSET_PATHS = "\"BirthdaZ/Preview Content\"";
				DEVELOPMENT_TEAM = QZ389N5Q44;
				ENABLE_HARDENED_RUNTIME = YES;
				ENABLE_PREVIEWS = YES;
				GENERATE_INFOPLIST_FILE = YES;
				"INFOPLIST_KEY_UIApplicationSceneManifest_Generation[sdk=iphoneos*]" = YES;
				"INFOPLIST_KEY_UIApplicationSceneManifest_Generation[sdk=iphonesimulator*]" = YES;
				"INFOPLIST_KEY_UIApplicationSupportsIndirectInputEvents[sdk=iphoneos*]" = YES;
				"INFOPLIST_KEY_UIApplicationSupportsIndirectInputEvents[sdk=iphonesimulator*]" = YES;
				"INFOPLIST_KEY_UILaunchScreen_Generation[sdk=iphoneos*]" = YES;
				"INFOPLIST_KEY_UILaunchScreen_Generation[sdk=iphonesimulator*]" = YES;
				"INFOPLIST_KEY_UIStatusBarStyle[sdk=iphoneos*]" = UIStatusBarStyleDefault;
				"INFOPLIST_KEY_UIStatusBarStyle[sdk=iphonesimulator*]" = UIStatusBarStyleDefault;
				INFOPLIST_KEY_UISupportedInterfaceOrientations_iPad = "UIInterfaceOrientationPortrait UIInterfaceOrientationPortraitUpsideDown UIInterfaceOrientationLandscapeLeft UIInterfaceOrientationLandscapeRight";
				INFOPLIST_KEY_UISupportedInterfaceOrientations_iPhone = "UIInterfaceOrientationPortrait UIInterfaceOrientationLandscapeLeft UIInterfaceOrientationLandscapeRight";
				IPHONEOS_DEPLOYMENT_TARGET = 18.0;
				LD_RUNPATH_SEARCH_PATHS = "@executable_path/Frameworks";
				"LD_RUNPATH_SEARCH_PATHS[sdk=macosx*]" = "@executable_path/../Frameworks";
				MACOSX_DEPLOYMENT_TARGET = 15.0;
				MARKETING_VERSION = 1.0;
				PRODUCT_BUNDLE_IDENTIFIER = com.celeglow.birthdays;
				PRODUCT_NAME = "$(TARGET_NAME)";
				PROVISIONING_PROFILE_SPECIFIER = "";
				SDKROOT = auto;
				SUPPORTED_PLATFORMS = "iphoneos iphonesimulator macosx";
				SWIFT_EMIT_LOC_STRINGS = YES;
				SWIFT_VERSION = 5.0;
				TARGETED_DEVICE_FAMILY = "1,2";
			};
			name = Debug;
		};
		B69135942C3C26180076DF27 /* Release */ = {
			isa = XCBuildConfiguration;
			buildSettings = {
				ASSETCATALOG_COMPILER_APPICON_NAME = BirthdayZ;
				ASSETCATALOG_COMPILER_GLOBAL_ACCENT_COLOR_NAME = AccentColor;
				CODE_SIGN_ENTITLEMENTS = BirthdaZ/BirthdaZ.entitlements;
				CODE_SIGN_IDENTITY = "Apple Development";
				"CODE_SIGN_IDENTITY[sdk=macosx*]" = "-";
				CODE_SIGN_STYLE = Automatic;
				CURRENT_PROJECT_VERSION = 1;
				DEAD_CODE_STRIPPING = YES;
				DEVELOPMENT_ASSET_PATHS = "\"BirthdaZ/Preview Content\"";
				DEVELOPMENT_TEAM = QZ389N5Q44;
				ENABLE_HARDENED_RUNTIME = YES;
				ENABLE_PREVIEWS = YES;
				GENERATE_INFOPLIST_FILE = YES;
				"INFOPLIST_KEY_UIApplicationSceneManifest_Generation[sdk=iphoneos*]" = YES;
				"INFOPLIST_KEY_UIApplicationSceneManifest_Generation[sdk=iphonesimulator*]" = YES;
				"INFOPLIST_KEY_UIApplicationSupportsIndirectInputEvents[sdk=iphoneos*]" = YES;
				"INFOPLIST_KEY_UIApplicationSupportsIndirectInputEvents[sdk=iphonesimulator*]" = YES;
				"INFOPLIST_KEY_UILaunchScreen_Generation[sdk=iphoneos*]" = YES;
				"INFOPLIST_KEY_UILaunchScreen_Generation[sdk=iphonesimulator*]" = YES;
				"INFOPLIST_KEY_UIStatusBarStyle[sdk=iphoneos*]" = UIStatusBarStyleDefault;
				"INFOPLIST_KEY_UIStatusBarStyle[sdk=iphonesimulator*]" = UIStatusBarStyleDefault;
				INFOPLIST_KEY_UISupportedInterfaceOrientations_iPad = "UIInterfaceOrientationPortrait UIInterfaceOrientationPortraitUpsideDown UIInterfaceOrientationLandscapeLeft UIInterfaceOrientationLandscapeRight";
				INFOPLIST_KEY_UISupportedInterfaceOrientations_iPhone = "UIInterfaceOrientationPortrait UIInterfaceOrientationLandscapeLeft UIInterfaceOrientationLandscapeRight";
				IPHONEOS_DEPLOYMENT_TARGET = 18.0;
				LD_RUNPATH_SEARCH_PATHS = "@executable_path/Frameworks";
				"LD_RUNPATH_SEARCH_PATHS[sdk=macosx*]" = "@executable_path/../Frameworks";
				MACOSX_DEPLOYMENT_TARGET = 15.0;
				MARKETING_VERSION = 1.0;
				PRODUCT_BUNDLE_IDENTIFIER = com.celeglow.birthdays;
				PRODUCT_NAME = "$(TARGET_NAME)";
				PROVISIONING_PROFILE_SPECIFIER = "";
				SDKROOT = auto;
				SUPPORTED_PLATFORMS = "iphoneos iphonesimulator macosx";
				SWIFT_EMIT_LOC_STRINGS = YES;
				SWIFT_VERSION = 5.0;
				TARGETED_DEVICE_FAMILY = "1,2";
			};
			name = Release;
		};
/* End XCBuildConfiguration section */

/* Begin XCConfigurationList section */
		B691357C2C3C26170076DF27 /* Build configuration list for PBXProject "BirthdaZ" */ = {
			isa = XCConfigurationList;
			buildConfigurations = (
				B69135902C3C26180076DF27 /* Debug */,
				B69135912C3C26180076DF27 /* Release */,
			);
			defaultConfigurationIsVisible = 0;
			defaultConfigurationName = Release;
		};
		B69135922C3C26180076DF27 /* Build configuration list for PBXNativeTarget "BirthdaZ" */ = {
			isa = XCConfigurationList;
			buildConfigurations = (
				B69135932C3C26180076DF27 /* Debug */,
				B69135942C3C26180076DF27 /* Release */,
			);
			defaultConfigurationIsVisible = 0;
			defaultConfigurationName = Release;
		};
/* End XCConfigurationList section */

/* Begin XCRemoteSwiftPackageReference section */
		B69135E22C3D61570076DF27 /* XCRemoteSwiftPackageReference "ZhDate" */ = {
			isa = XCRemoteSwiftPackageReference;
			repositoryURL = "https://github.com/Zhouyuankun/ZhDate";
			requirement = {
				branch = main;
				kind = branch;
			};
		};
/* End XCRemoteSwiftPackageReference section */

/* Begin XCSwiftPackageProductDependency section */
		B69135E32C3D61570076DF27 /* ZhDate */ = {
			isa = XCSwiftPackageProductDependency;
			package = B69135E22C3D61570076DF27 /* XCRemoteSwiftPackageReference "ZhDate" */;
			productName = ZhDate;
		};
/* End XCSwiftPackageProductDependency section */
	};
	rootObject = B69135792C3C26170076DF27 /* Project object */;
}
